
Microsoft Visual Studio Solution File, Format Version 12.00
# Visual Studio Version 16
VisualStudioVersion = 16.0.30320.27
MinimumVisualStudioVersion = 10.0.40219.1
Project("{2150E333-8FDC-42A3-9474-1A3956D46DE8}") = "Solution Items", "Solution Items", "{6A8D1DAE-FEAA-48E2-99F2-D4CC6231B263}"
	ProjectSection(SolutionItems) = preProject
		.editorconfig = .editorconfig
		Clean.ps1 = Clean.ps1
		esolang-entry.txt = esolang-entry.txt
		EsotericInterpreters.vsmdi = EsotericInterpreters.vsmdi
		Languages.csv = Languages.csv
		Local.testsettings = Local.testsettings
		mysql.init.sql = mysql.init.sql
		rabbit_definitions.json = rabbit_definitions.json
		README.md = README.md
		Setup.ps1 = Setup.ps1
		setup.txt = setup.txt
	EndProjectSection
EndProject
Project("{9A19103F-16F7-4668-BE54-9A1E7A4F7556}") = "False.Interpreter", "False.Interpreter\False.Interpreter.csproj", "{2B2D0BD5-F86D-4ECD-8CF5-9E8434D4D8CE}"
EndProject
Project("{9A19103F-16F7-4668-BE54-9A1E7A4F7556}") = "Interpreter.Abstractions", "Interpreter.Abstractions\Interpreter.Abstractions.csproj", "{DCE8B622-081E-4617-980C-07C89988393E}"
EndProject
Project("{9A19103F-16F7-4668-BE54-9A1E7A4F7556}") = "BrainFuck.Interpreter", "BrainFuck.Interpreter\BrainFuck.Interpreter.csproj", "{622BBCDD-923D-48D2-BE1E-EFCF10299CF2}"
EndProject
Project("{9A19103F-16F7-4668-BE54-9A1E7A4F7556}") = "Befunge-93.Interpreter", "Befunge-93.Interpreter\Befunge-93.Interpreter.csproj", "{E6D342C5-5ADA-4CD8-ABFD-10D12AFF37C5}"
EndProject
Project("{9A19103F-16F7-4668-BE54-9A1E7A4F7556}") = "WARP.Interpreter", "WARP.Interpreter\WARP.Interpreter.csproj", "{8DD18DE6-91AF-431A-AF9D-9DEB6836A727}"
EndProject
Project("{9A19103F-16F7-4668-BE54-9A1E7A4F7556}") = "WARP.Language", "WARP.Language\WARP.Language.csproj", "{9D54A052-00AA-4695-B57C-A25030F14D95}"
EndProject
Project("{9A19103F-16F7-4668-BE54-9A1E7A4F7556}") = "BrainFuck.Language", "BrainFuck.Language\BrainFuck.Language.csproj", "{CCF502D9-9219-44F0-A5F3-C98E6371ED07}"
EndProject
Project("{9A19103F-16F7-4668-BE54-9A1E7A4F7556}") = "Common", "Common\Common.csproj", "{9842D570-351E-47B9-B286-72A3B53517C8}"
EndProject
Project("{9A19103F-16F7-4668-BE54-9A1E7A4F7556}") = "Eso.API.Execution", "Eso.API\Eso.API.Execution.csproj", "{0CC5C993-441D-45B8-8593-02C69667CAF5}"
EndProject
Project("{9A19103F-16F7-4668-BE54-9A1E7A4F7556}") = "WARP.Language.Tests", "WARP.Language.Tests\WARP.Language.Tests.csproj", "{12329CB2-9A05-4DB1-B7D6-E53E72F7BE9F}"
EndProject
Project("{9A19103F-16F7-4668-BE54-9A1E7A4F7556}") = "Deadfish.Language", "Deadfish.Language\Deadfish.Language.csproj", "{34307E38-3DE6-4CD7-8325-BC4678D034D9}"
EndProject
Project("{9A19103F-16F7-4668-BE54-9A1E7A4F7556}") = "Befunge-93.Language", "Befunge-93.Language\Befunge-93.Language.csproj", "{A9A56AC9-4ABA-4C76-9A01-60AA127EF33F}"
EndProject
Project("{888888A0-9F3D-457C-B088-3A5042F75D52}") = "Eso.API.Discovery", "Eso.API.Discovery\Eso.API.Discovery.pyproj", "{1C32E054-70A5-429A-AB2E-F61574B95AB6}"
EndProject
Project("{9A19103F-16F7-4668-BE54-9A1E7A4F7556}") = "General.Language", "General.Language\General.Language.csproj", "{67F78231-FBEA-4E0E-8147-D40A29998C37}"
EndProject
Project("{9A19103F-16F7-4668-BE54-9A1E7A4F7556}") = "Eso.API.Editor", "Eso.API.Editor\Eso.API.Editor.csproj", "{01A779D6-8014-4FA9-B997-DF2B7C92480C}"
EndProject
Project("{9A19103F-16F7-4668-BE54-9A1E7A4F7556}") = "Eso.Blazor.SPA.Server", "Eso.Blazor.SPA\Server\Eso.Blazor.SPA.Server.csproj", "{90649610-6630-4D1E-AFD6-691ED9E10C23}"
EndProject
Project("{9A19103F-16F7-4668-BE54-9A1E7A4F7556}") = "Eso.Blazor.SPA.Client", "Eso.Blazor.SPA\Client\Eso.Blazor.SPA.Client.csproj", "{2A17F9B4-8299-4F5A-9258-D1142AC23D12}"
EndProject
Project("{9A19103F-16F7-4668-BE54-9A1E7A4F7556}") = "Eso.Blazor.SPA.Shared", "Eso.Blazor.SPA\Shared\Eso.Blazor.SPA.Shared.csproj", "{F372DC51-056E-4139-8E6C-A25054FE5CAC}"
EndProject
Project("{9A19103F-16F7-4668-BE54-9A1E7A4F7556}") = "Eso.API.Editor.Models", "Eso.API.Editor.Models\Eso.API.Editor.Models.csproj", "{C5AA633D-C8F8-449B-BE90-834AC0CC6ABE}"
EndProject
Project("{9A19103F-16F7-4668-BE54-9A1E7A4F7556}") = "Generalized.Interpreter", "Generalized.Interpreter\Generalized.Interpreter.csproj", "{2AD07A7C-7ED4-46CA-AC1F-48AF88646DB6}"
EndProject
Project("{888888A0-9F3D-457C-B088-3A5042F75D52}") = "Eso.API.Statistics", "Eso.API.Statistics\Eso.API.Statistics.pyproj", "{D22D4713-CF53-4A0B-802A-1A62AB799898}"
EndProject
Global
	GlobalSection(SolutionConfigurationPlatforms) = preSolution
		Debug|Any CPU = Debug|Any CPU
		Debug|Mixed Platforms = Debug|Mixed Platforms
		Debug|x86 = Debug|x86
		Release|Any CPU = Release|Any CPU
		Release|Mixed Platforms = Release|Mixed Platforms
		Release|x86 = Release|x86
	EndGlobalSection
	GlobalSection(ProjectConfigurationPlatforms) = postSolution
		{2B2D0BD5-F86D-4ECD-8CF5-9E8434D4D8CE}.Debug|Any CPU.ActiveCfg = Debug|Any CPU
		{2B2D0BD5-F86D-4ECD-8CF5-9E8434D4D8CE}.Debug|Any CPU.Build.0 = Debug|Any CPU
		{2B2D0BD5-F86D-4ECD-8CF5-9E8434D4D8CE}.Debug|Mixed Platforms.ActiveCfg = Debug|Any CPU
		{2B2D0BD5-F86D-4ECD-8CF5-9E8434D4D8CE}.Debug|Mixed Platforms.Build.0 = Debug|Any CPU
		{2B2D0BD5-F86D-4ECD-8CF5-9E8434D4D8CE}.Debug|x86.ActiveCfg = Debug|Any CPU
		{2B2D0BD5-F86D-4ECD-8CF5-9E8434D4D8CE}.Debug|x86.Build.0 = Debug|Any CPU
		{2B2D0BD5-F86D-4ECD-8CF5-9E8434D4D8CE}.Release|Any CPU.ActiveCfg = Release|Any CPU
		{2B2D0BD5-F86D-4ECD-8CF5-9E8434D4D8CE}.Release|Any CPU.Build.0 = Release|Any CPU
		{2B2D0BD5-F86D-4ECD-8CF5-9E8434D4D8CE}.Release|Mixed Platforms.ActiveCfg = Release|Any CPU
		{2B2D0BD5-F86D-4ECD-8CF5-9E8434D4D8CE}.Release|Mixed Platforms.Build.0 = Release|Any CPU
		{2B2D0BD5-F86D-4ECD-8CF5-9E8434D4D8CE}.Release|x86.ActiveCfg = Release|Any CPU
		{2B2D0BD5-F86D-4ECD-8CF5-9E8434D4D8CE}.Release|x86.Build.0 = Release|Any CPU
		{DCE8B622-081E-4617-980C-07C89988393E}.Debug|Any CPU.ActiveCfg = Debug|Any CPU
		{DCE8B622-081E-4617-980C-07C89988393E}.Debug|Any CPU.Build.0 = Debug|Any CPU
		{DCE8B622-081E-4617-980C-07C89988393E}.Debug|Mixed Platforms.ActiveCfg = Debug|Any CPU
		{DCE8B622-081E-4617-980C-07C89988393E}.Debug|Mixed Platforms.Build.0 = Debug|Any CPU
		{DCE8B622-081E-4617-980C-07C89988393E}.Debug|x86.ActiveCfg = Debug|Any CPU
		{DCE8B622-081E-4617-980C-07C89988393E}.Release|Any CPU.ActiveCfg = Release|Any CPU
		{DCE8B622-081E-4617-980C-07C89988393E}.Release|Any CPU.Build.0 = Release|Any CPU
		{DCE8B622-081E-4617-980C-07C89988393E}.Release|Mixed Platforms.ActiveCfg = Release|Any CPU
		{DCE8B622-081E-4617-980C-07C89988393E}.Release|Mixed Platforms.Build.0 = Release|Any CPU
		{DCE8B622-081E-4617-980C-07C89988393E}.Release|x86.ActiveCfg = Release|Any CPU
		{622BBCDD-923D-48D2-BE1E-EFCF10299CF2}.Debug|Any CPU.ActiveCfg = Debug|Any CPU
		{622BBCDD-923D-48D2-BE1E-EFCF10299CF2}.Debug|Any CPU.Build.0 = Debug|Any CPU
		{622BBCDD-923D-48D2-BE1E-EFCF10299CF2}.Debug|Mixed Platforms.ActiveCfg = Debug|Any CPU
		{622BBCDD-923D-48D2-BE1E-EFCF10299CF2}.Debug|Mixed Platforms.Build.0 = Debug|Any CPU
		{622BBCDD-923D-48D2-BE1E-EFCF10299CF2}.Debug|x86.ActiveCfg = Debug|Any CPU
		{622BBCDD-923D-48D2-BE1E-EFCF10299CF2}.Debug|x86.Build.0 = Debug|Any CPU
		{622BBCDD-923D-48D2-BE1E-EFCF10299CF2}.Release|Any CPU.ActiveCfg = Release|Any CPU
		{622BBCDD-923D-48D2-BE1E-EFCF10299CF2}.Release|Any CPU.Build.0 = Release|Any CPU
		{622BBCDD-923D-48D2-BE1E-EFCF10299CF2}.Release|Mixed Platforms.ActiveCfg = Release|Any CPU
		{622BBCDD-923D-48D2-BE1E-EFCF10299CF2}.Release|Mixed Platforms.Build.0 = Release|Any CPU
		{622BBCDD-923D-48D2-BE1E-EFCF10299CF2}.Release|x86.ActiveCfg = Release|Any CPU
		{622BBCDD-923D-48D2-BE1E-EFCF10299CF2}.Release|x86.Build.0 = Release|Any CPU
		{E6D342C5-5ADA-4CD8-ABFD-10D12AFF37C5}.Debug|Any CPU.ActiveCfg = Debug|Any CPU
		{E6D342C5-5ADA-4CD8-ABFD-10D12AFF37C5}.Debug|Any CPU.Build.0 = Debug|Any CPU
		{E6D342C5-5ADA-4CD8-ABFD-10D12AFF37C5}.Debug|Mixed Platforms.ActiveCfg = Debug|Any CPU
		{E6D342C5-5ADA-4CD8-ABFD-10D12AFF37C5}.Debug|Mixed Platforms.Build.0 = Debug|Any CPU
		{E6D342C5-5ADA-4CD8-ABFD-10D12AFF37C5}.Debug|x86.ActiveCfg = Debug|Any CPU
		{E6D342C5-5ADA-4CD8-ABFD-10D12AFF37C5}.Debug|x86.Build.0 = Debug|Any CPU
		{E6D342C5-5ADA-4CD8-ABFD-10D12AFF37C5}.Release|Any CPU.ActiveCfg = Release|Any CPU
		{E6D342C5-5ADA-4CD8-ABFD-10D12AFF37C5}.Release|Any CPU.Build.0 = Release|Any CPU
		{E6D342C5-5ADA-4CD8-ABFD-10D12AFF37C5}.Release|Mixed Platforms.ActiveCfg = Release|Any CPU
		{E6D342C5-5ADA-4CD8-ABFD-10D12AFF37C5}.Release|Mixed Platforms.Build.0 = Release|Any CPU
		{E6D342C5-5ADA-4CD8-ABFD-10D12AFF37C5}.Release|x86.ActiveCfg = Release|Any CPU
		{E6D342C5-5ADA-4CD8-ABFD-10D12AFF37C5}.Release|x86.Build.0 = Release|Any CPU
		{8DD18DE6-91AF-431A-AF9D-9DEB6836A727}.Debug|Any CPU.ActiveCfg = Debug|Any CPU
		{8DD18DE6-91AF-431A-AF9D-9DEB6836A727}.Debug|Any CPU.Build.0 = Debug|Any CPU
		{8DD18DE6-91AF-431A-AF9D-9DEB6836A727}.Debug|Mixed Platforms.ActiveCfg = Debug|Any CPU
		{8DD18DE6-91AF-431A-AF9D-9DEB6836A727}.Debug|Mixed Platforms.Build.0 = Debug|Any CPU
		{8DD18DE6-91AF-431A-AF9D-9DEB6836A727}.Debug|x86.ActiveCfg = Debug|Any CPU
		{8DD18DE6-91AF-431A-AF9D-9DEB6836A727}.Debug|x86.Build.0 = Debug|Any CPU
		{8DD18DE6-91AF-431A-AF9D-9DEB6836A727}.Release|Any CPU.ActiveCfg = Release|Any CPU
		{8DD18DE6-91AF-431A-AF9D-9DEB6836A727}.Release|Any CPU.Build.0 = Release|Any CPU
		{8DD18DE6-91AF-431A-AF9D-9DEB6836A727}.Release|Mixed Platforms.ActiveCfg = Release|Any CPU
		{8DD18DE6-91AF-431A-AF9D-9DEB6836A727}.Release|Mixed Platforms.Build.0 = Release|Any CPU
		{8DD18DE6-91AF-431A-AF9D-9DEB6836A727}.Release|x86.ActiveCfg = Release|Any CPU
		{8DD18DE6-91AF-431A-AF9D-9DEB6836A727}.Release|x86.Build.0 = Release|Any CPU
		{9D54A052-00AA-4695-B57C-A25030F14D95}.Debug|Any CPU.ActiveCfg = Debug|Any CPU
		{9D54A052-00AA-4695-B57C-A25030F14D95}.Debug|Any CPU.Build.0 = Debug|Any CPU
		{9D54A052-00AA-4695-B57C-A25030F14D95}.Debug|Mixed Platforms.ActiveCfg = Debug|Any CPU
		{9D54A052-00AA-4695-B57C-A25030F14D95}.Debug|Mixed Platforms.Build.0 = Debug|Any CPU
		{9D54A052-00AA-4695-B57C-A25030F14D95}.Debug|x86.ActiveCfg = Debug|Any CPU
		{9D54A052-00AA-4695-B57C-A25030F14D95}.Debug|x86.Build.0 = Debug|Any CPU
		{9D54A052-00AA-4695-B57C-A25030F14D95}.Release|Any CPU.ActiveCfg = Release|Any CPU
		{9D54A052-00AA-4695-B57C-A25030F14D95}.Release|Any CPU.Build.0 = Release|Any CPU
		{9D54A052-00AA-4695-B57C-A25030F14D95}.Release|Mixed Platforms.ActiveCfg = Release|Any CPU
		{9D54A052-00AA-4695-B57C-A25030F14D95}.Release|Mixed Platforms.Build.0 = Release|Any CPU
		{9D54A052-00AA-4695-B57C-A25030F14D95}.Release|x86.ActiveCfg = Release|Any CPU
		{9D54A052-00AA-4695-B57C-A25030F14D95}.Release|x86.Build.0 = Release|Any CPU
		{CCF502D9-9219-44F0-A5F3-C98E6371ED07}.Debug|Any CPU.ActiveCfg = Debug|Any CPU
		{CCF502D9-9219-44F0-A5F3-C98E6371ED07}.Debug|Any CPU.Build.0 = Debug|Any CPU
		{CCF502D9-9219-44F0-A5F3-C98E6371ED07}.Debug|Mixed Platforms.ActiveCfg = Debug|Any CPU
		{CCF502D9-9219-44F0-A5F3-C98E6371ED07}.Debug|Mixed Platforms.Build.0 = Debug|Any CPU
		{CCF502D9-9219-44F0-A5F3-C98E6371ED07}.Debug|x86.ActiveCfg = Debug|Any CPU
		{CCF502D9-9219-44F0-A5F3-C98E6371ED07}.Debug|x86.Build.0 = Debug|Any CPU
		{CCF502D9-9219-44F0-A5F3-C98E6371ED07}.Release|Any CPU.ActiveCfg = Release|Any CPU
		{CCF502D9-9219-44F0-A5F3-C98E6371ED07}.Release|Any CPU.Build.0 = Release|Any CPU
		{CCF502D9-9219-44F0-A5F3-C98E6371ED07}.Release|Mixed Platforms.ActiveCfg = Release|Any CPU
		{CCF502D9-9219-44F0-A5F3-C98E6371ED07}.Release|Mixed Platforms.Build.0 = Release|Any CPU
		{CCF502D9-9219-44F0-A5F3-C98E6371ED07}.Release|x86.ActiveCfg = Release|Any CPU
		{CCF502D9-9219-44F0-A5F3-C98E6371ED07}.Release|x86.Build.0 = Release|Any CPU
		{9842D570-351E-47B9-B286-72A3B53517C8}.Debug|Any CPU.ActiveCfg = Debug|Any CPU
		{9842D570-351E-47B9-B286-72A3B53517C8}.Debug|Any CPU.Build.0 = Debug|Any CPU
		{9842D570-351E-47B9-B286-72A3B53517C8}.Debug|Mixed Platforms.ActiveCfg = Debug|Any CPU
		{9842D570-351E-47B9-B286-72A3B53517C8}.Debug|Mixed Platforms.Build.0 = Debug|Any CPU
		{9842D570-351E-47B9-B286-72A3B53517C8}.Debug|x86.ActiveCfg = Debug|Any CPU
		{9842D570-351E-47B9-B286-72A3B53517C8}.Debug|x86.Build.0 = Debug|Any CPU
		{9842D570-351E-47B9-B286-72A3B53517C8}.Release|Any CPU.ActiveCfg = Release|Any CPU
		{9842D570-351E-47B9-B286-72A3B53517C8}.Release|Any CPU.Build.0 = Release|Any CPU
		{9842D570-351E-47B9-B286-72A3B53517C8}.Release|Mixed Platforms.ActiveCfg = Release|Any CPU
		{9842D570-351E-47B9-B286-72A3B53517C8}.Release|Mixed Platforms.Build.0 = Release|Any CPU
		{9842D570-351E-47B9-B286-72A3B53517C8}.Release|x86.ActiveCfg = Release|Any CPU
		{9842D570-351E-47B9-B286-72A3B53517C8}.Release|x86.Build.0 = Release|Any CPU
		{0CC5C993-441D-45B8-8593-02C69667CAF5}.Debug|Any CPU.ActiveCfg = Debug|Any CPU
		{0CC5C993-441D-45B8-8593-02C69667CAF5}.Debug|Any CPU.Build.0 = Debug|Any CPU
		{0CC5C993-441D-45B8-8593-02C69667CAF5}.Debug|Mixed Platforms.ActiveCfg = Debug|Any CPU
		{0CC5C993-441D-45B8-8593-02C69667CAF5}.Debug|Mixed Platforms.Build.0 = Debug|Any CPU
		{0CC5C993-441D-45B8-8593-02C69667CAF5}.Debug|x86.ActiveCfg = Debug|Any CPU
		{0CC5C993-441D-45B8-8593-02C69667CAF5}.Debug|x86.Build.0 = Debug|Any CPU
		{0CC5C993-441D-45B8-8593-02C69667CAF5}.Release|Any CPU.ActiveCfg = Release|Any CPU
		{0CC5C993-441D-45B8-8593-02C69667CAF5}.Release|Any CPU.Build.0 = Release|Any CPU
		{0CC5C993-441D-45B8-8593-02C69667CAF5}.Release|Mixed Platforms.ActiveCfg = Release|Any CPU
		{0CC5C993-441D-45B8-8593-02C69667CAF5}.Release|Mixed Platforms.Build.0 = Release|Any CPU
		{0CC5C993-441D-45B8-8593-02C69667CAF5}.Release|x86.ActiveCfg = Release|Any CPU
		{0CC5C993-441D-45B8-8593-02C69667CAF5}.Release|x86.Build.0 = Release|Any CPU
		{12329CB2-9A05-4DB1-B7D6-E53E72F7BE9F}.Debug|Any CPU.ActiveCfg = Debug|Any CPU
		{12329CB2-9A05-4DB1-B7D6-E53E72F7BE9F}.Debug|Any CPU.Build.0 = Debug|Any CPU
		{12329CB2-9A05-4DB1-B7D6-E53E72F7BE9F}.Debug|Mixed Platforms.ActiveCfg = Debug|Any CPU
		{12329CB2-9A05-4DB1-B7D6-E53E72F7BE9F}.Debug|Mixed Platforms.Build.0 = Debug|Any CPU
		{12329CB2-9A05-4DB1-B7D6-E53E72F7BE9F}.Debug|x86.ActiveCfg = Debug|Any CPU
		{12329CB2-9A05-4DB1-B7D6-E53E72F7BE9F}.Debug|x86.Build.0 = Debug|Any CPU
		{12329CB2-9A05-4DB1-B7D6-E53E72F7BE9F}.Release|Any CPU.ActiveCfg = Release|Any CPU
		{12329CB2-9A05-4DB1-B7D6-E53E72F7BE9F}.Release|Any CPU.Build.0 = Release|Any CPU
		{12329CB2-9A05-4DB1-B7D6-E53E72F7BE9F}.Release|Mixed Platforms.ActiveCfg = Release|Any CPU
		{12329CB2-9A05-4DB1-B7D6-E53E72F7BE9F}.Release|Mixed Platforms.Build.0 = Release|Any CPU
		{12329CB2-9A05-4DB1-B7D6-E53E72F7BE9F}.Release|x86.ActiveCfg = Release|Any CPU
		{12329CB2-9A05-4DB1-B7D6-E53E72F7BE9F}.Release|x86.Build.0 = Release|Any CPU
		{34307E38-3DE6-4CD7-8325-BC4678D034D9}.Debug|Any CPU.ActiveCfg = Debug|Any CPU
		{34307E38-3DE6-4CD7-8325-BC4678D034D9}.Debug|Any CPU.Build.0 = Debug|Any CPU
		{34307E38-3DE6-4CD7-8325-BC4678D034D9}.Debug|Mixed Platforms.ActiveCfg = Debug|Any CPU
		{34307E38-3DE6-4CD7-8325-BC4678D034D9}.Debug|Mixed Platforms.Build.0 = Debug|Any CPU
		{34307E38-3DE6-4CD7-8325-BC4678D034D9}.Debug|x86.ActiveCfg = Debug|Any CPU
		{34307E38-3DE6-4CD7-8325-BC4678D034D9}.Debug|x86.Build.0 = Debug|Any CPU
		{34307E38-3DE6-4CD7-8325-BC4678D034D9}.Release|Any CPU.ActiveCfg = Release|Any CPU
		{34307E38-3DE6-4CD7-8325-BC4678D034D9}.Release|Any CPU.Build.0 = Release|Any CPU
		{34307E38-3DE6-4CD7-8325-BC4678D034D9}.Release|Mixed Platforms.ActiveCfg = Release|Any CPU
		{34307E38-3DE6-4CD7-8325-BC4678D034D9}.Release|Mixed Platforms.Build.0 = Release|Any CPU
		{34307E38-3DE6-4CD7-8325-BC4678D034D9}.Release|x86.ActiveCfg = Release|Any CPU
		{34307E38-3DE6-4CD7-8325-BC4678D034D9}.Release|x86.Build.0 = Release|Any CPU
		{A9A56AC9-4ABA-4C76-9A01-60AA127EF33F}.Debug|Any CPU.ActiveCfg = Debug|Any CPU
		{A9A56AC9-4ABA-4C76-9A01-60AA127EF33F}.Debug|Any CPU.Build.0 = Debug|Any CPU
		{A9A56AC9-4ABA-4C76-9A01-60AA127EF33F}.Debug|Mixed Platforms.ActiveCfg = Debug|Any CPU
		{A9A56AC9-4ABA-4C76-9A01-60AA127EF33F}.Debug|Mixed Platforms.Build.0 = Debug|Any CPU
		{A9A56AC9-4ABA-4C76-9A01-60AA127EF33F}.Debug|x86.ActiveCfg = Debug|Any CPU
		{A9A56AC9-4ABA-4C76-9A01-60AA127EF33F}.Debug|x86.Build.0 = Debug|Any CPU
		{A9A56AC9-4ABA-4C76-9A01-60AA127EF33F}.Release|Any CPU.ActiveCfg = Release|Any CPU
		{A9A56AC9-4ABA-4C76-9A01-60AA127EF33F}.Release|Any CPU.Build.0 = Release|Any CPU
		{A9A56AC9-4ABA-4C76-9A01-60AA127EF33F}.Release|Mixed Platforms.ActiveCfg = Release|Any CPU
		{A9A56AC9-4ABA-4C76-9A01-60AA127EF33F}.Release|Mixed Platforms.Build.0 = Release|Any CPU
		{A9A56AC9-4ABA-4C76-9A01-60AA127EF33F}.Release|x86.ActiveCfg = Release|Any CPU
		{A9A56AC9-4ABA-4C76-9A01-60AA127EF33F}.Release|x86.Build.0 = Release|Any CPU
		{1C32E054-70A5-429A-AB2E-F61574B95AB6}.Debug|Any CPU.ActiveCfg = Debug|Any CPU
		{1C32E054-70A5-429A-AB2E-F61574B95AB6}.Debug|Any CPU.Build.0 = Debug|Any CPU
		{1C32E054-70A5-429A-AB2E-F61574B95AB6}.Debug|Mixed Platforms.ActiveCfg = Debug|Any CPU
		{1C32E054-70A5-429A-AB2E-F61574B95AB6}.Debug|x86.ActiveCfg = Debug|Any CPU
		{1C32E054-70A5-429A-AB2E-F61574B95AB6}.Debug|x86.Build.0 = Debug|Any CPU
		{1C32E054-70A5-429A-AB2E-F61574B95AB6}.Release|Any CPU.ActiveCfg = Release|Any CPU
		{1C32E054-70A5-429A-AB2E-F61574B95AB6}.Release|Any CPU.Build.0 = Release|Any CPU
		{1C32E054-70A5-429A-AB2E-F61574B95AB6}.Release|Mixed Platforms.ActiveCfg = Release|Any CPU
		{1C32E054-70A5-429A-AB2E-F61574B95AB6}.Release|Mixed Platforms.Build.0 = Release|Any CPU
		{1C32E054-70A5-429A-AB2E-F61574B95AB6}.Release|x86.ActiveCfg = Release|Any CPU
		{1C32E054-70A5-429A-AB2E-F61574B95AB6}.Release|x86.Build.0 = Release|Any CPU
		{67F78231-FBEA-4E0E-8147-D40A29998C37}.Debug|Any CPU.ActiveCfg = Debug|Any CPU
		{67F78231-FBEA-4E0E-8147-D40A29998C37}.Debug|Any CPU.Build.0 = Debug|Any CPU
		{67F78231-FBEA-4E0E-8147-D40A29998C37}.Debug|Mixed Platforms.ActiveCfg = Debug|Any CPU
		{67F78231-FBEA-4E0E-8147-D40A29998C37}.Debug|Mixed Platforms.Build.0 = Debug|Any CPU
		{67F78231-FBEA-4E0E-8147-D40A29998C37}.Debug|x86.ActiveCfg = Debug|Any CPU
		{67F78231-FBEA-4E0E-8147-D40A29998C37}.Debug|x86.Build.0 = Debug|Any CPU
		{67F78231-FBEA-4E0E-8147-D40A29998C37}.Release|Any CPU.ActiveCfg = Release|Any CPU
		{67F78231-FBEA-4E0E-8147-D40A29998C37}.Release|Any CPU.Build.0 = Release|Any CPU
		{67F78231-FBEA-4E0E-8147-D40A29998C37}.Release|Mixed Platforms.ActiveCfg = Release|Any CPU
		{67F78231-FBEA-4E0E-8147-D40A29998C37}.Release|Mixed Platforms.Build.0 = Release|Any CPU
		{67F78231-FBEA-4E0E-8147-D40A29998C37}.Release|x86.ActiveCfg = Release|Any CPU
		{67F78231-FBEA-4E0E-8147-D40A29998C37}.Release|x86.Build.0 = Release|Any CPU
		{01A779D6-8014-4FA9-B997-DF2B7C92480C}.Debug|Any CPU.ActiveCfg = Debug|Any CPU
		{01A779D6-8014-4FA9-B997-DF2B7C92480C}.Debug|Any CPU.Build.0 = Debug|Any CPU
		{01A779D6-8014-4FA9-B997-DF2B7C92480C}.Debug|Mixed Platforms.ActiveCfg = Debug|Any CPU
		{01A779D6-8014-4FA9-B997-DF2B7C92480C}.Debug|Mixed Platforms.Build.0 = Debug|Any CPU
		{01A779D6-8014-4FA9-B997-DF2B7C92480C}.Debug|x86.ActiveCfg = Debug|Any CPU
		{01A779D6-8014-4FA9-B997-DF2B7C92480C}.Debug|x86.Build.0 = Debug|Any CPU
		{01A779D6-8014-4FA9-B997-DF2B7C92480C}.Release|Any CPU.ActiveCfg = Release|Any CPU
		{01A779D6-8014-4FA9-B997-DF2B7C92480C}.Release|Any CPU.Build.0 = Release|Any CPU
		{01A779D6-8014-4FA9-B997-DF2B7C92480C}.Release|Mixed Platforms.ActiveCfg = Release|Any CPU
		{01A779D6-8014-4FA9-B997-DF2B7C92480C}.Release|Mixed Platforms.Build.0 = Release|Any CPU
		{01A779D6-8014-4FA9-B997-DF2B7C92480C}.Release|x86.ActiveCfg = Release|Any CPU
		{01A779D6-8014-4FA9-B997-DF2B7C92480C}.Release|x86.Build.0 = Release|Any CPU
		{90649610-6630-4D1E-AFD6-691ED9E10C23}.Debug|Any CPU.ActiveCfg = Debug|Any CPU
		{90649610-6630-4D1E-AFD6-691ED9E10C23}.Debug|Any CPU.Build.0 = Debug|Any CPU
		{90649610-6630-4D1E-AFD6-691ED9E10C23}.Debug|Mixed Platforms.ActiveCfg = Debug|Any CPU
		{90649610-6630-4D1E-AFD6-691ED9E10C23}.Debug|Mixed Platforms.Build.0 = Debug|Any CPU
		{90649610-6630-4D1E-AFD6-691ED9E10C23}.Debug|x86.ActiveCfg = Debug|Any CPU
		{90649610-6630-4D1E-AFD6-691ED9E10C23}.Debug|x86.Build.0 = Debug|Any CPU
		{90649610-6630-4D1E-AFD6-691ED9E10C23}.Release|Any CPU.ActiveCfg = Release|Any CPU
		{90649610-6630-4D1E-AFD6-691ED9E10C23}.Release|Any CPU.Build.0 = Release|Any CPU
		{90649610-6630-4D1E-AFD6-691ED9E10C23}.Release|Mixed Platforms.ActiveCfg = Release|Any CPU
		{90649610-6630-4D1E-AFD6-691ED9E10C23}.Release|Mixed Platforms.Build.0 = Release|Any CPU
		{90649610-6630-4D1E-AFD6-691ED9E10C23}.Release|x86.ActiveCfg = Release|Any CPU
		{90649610-6630-4D1E-AFD6-691ED9E10C23}.Release|x86.Build.0 = Release|Any CPU
		{2A17F9B4-8299-4F5A-9258-D1142AC23D12}.Debug|Any CPU.ActiveCfg = Debug|Any CPU
		{2A17F9B4-8299-4F5A-9258-D1142AC23D12}.Debug|Any CPU.Build.0 = Debug|Any CPU
		{2A17F9B4-8299-4F5A-9258-D1142AC23D12}.Debug|Mixed Platforms.ActiveCfg = Debug|Any CPU
		{2A17F9B4-8299-4F5A-9258-D1142AC23D12}.Debug|Mixed Platforms.Build.0 = Debug|Any CPU
		{2A17F9B4-8299-4F5A-9258-D1142AC23D12}.Debug|x86.ActiveCfg = Debug|Any CPU
		{2A17F9B4-8299-4F5A-9258-D1142AC23D12}.Debug|x86.Build.0 = Debug|Any CPU
		{2A17F9B4-8299-4F5A-9258-D1142AC23D12}.Release|Any CPU.ActiveCfg = Release|Any CPU
		{2A17F9B4-8299-4F5A-9258-D1142AC23D12}.Release|Any CPU.Build.0 = Release|Any CPU
		{2A17F9B4-8299-4F5A-9258-D1142AC23D12}.Release|Mixed Platforms.ActiveCfg = Release|Any CPU
		{2A17F9B4-8299-4F5A-9258-D1142AC23D12}.Release|Mixed Platforms.Build.0 = Release|Any CPU
		{2A17F9B4-8299-4F5A-9258-D1142AC23D12}.Release|x86.ActiveCfg = Release|Any CPU
		{2A17F9B4-8299-4F5A-9258-D1142AC23D12}.Release|x86.Build.0 = Release|Any CPU
		{F372DC51-056E-4139-8E6C-A25054FE5CAC}.Debug|Any CPU.ActiveCfg = Debug|Any CPU
		{F372DC51-056E-4139-8E6C-A25054FE5CAC}.Debug|Any CPU.Build.0 = Debug|Any CPU
		{F372DC51-056E-4139-8E6C-A25054FE5CAC}.Debug|Mixed Platforms.ActiveCfg = Debug|Any CPU
		{F372DC51-056E-4139-8E6C-A25054FE5CAC}.Debug|Mixed Platforms.Build.0 = Debug|Any CPU
		{F372DC51-056E-4139-8E6C-A25054FE5CAC}.Debug|x86.ActiveCfg = Debug|Any CPU
		{F372DC51-056E-4139-8E6C-A25054FE5CAC}.Debug|x86.Build.0 = Debug|Any CPU
		{F372DC51-056E-4139-8E6C-A25054FE5CAC}.Release|Any CPU.ActiveCfg = Release|Any CPU
		{F372DC51-056E-4139-8E6C-A25054FE5CAC}.Release|Any CPU.Build.0 = Release|Any CPU
		{F372DC51-056E-4139-8E6C-A25054FE5CAC}.Release|Mixed Platforms.ActiveCfg = Release|Any CPU
		{F372DC51-056E-4139-8E6C-A25054FE5CAC}.Release|Mixed Platforms.Build.0 = Release|Any CPU
		{F372DC51-056E-4139-8E6C-A25054FE5CAC}.Release|x86.ActiveCfg = Release|Any CPU
		{F372DC51-056E-4139-8E6C-A25054FE5CAC}.Release|x86.Build.0 = Release|Any CPU
		{C5AA633D-C8F8-449B-BE90-834AC0CC6ABE}.Debug|Any CPU.ActiveCfg = Debug|Any CPU
		{C5AA633D-C8F8-449B-BE90-834AC0CC6ABE}.Debug|Any CPU.Build.0 = Debug|Any CPU
		{C5AA633D-C8F8-449B-BE90-834AC0CC6ABE}.Debug|Mixed Platforms.ActiveCfg = Debug|Any CPU
		{C5AA633D-C8F8-449B-BE90-834AC0CC6ABE}.Debug|Mixed Platforms.Build.0 = Debug|Any CPU
		{C5AA633D-C8F8-449B-BE90-834AC0CC6ABE}.Debug|x86.ActiveCfg = Debug|Any CPU
		{C5AA633D-C8F8-449B-BE90-834AC0CC6ABE}.Debug|x86.Build.0 = Debug|Any CPU
		{C5AA633D-C8F8-449B-BE90-834AC0CC6ABE}.Release|Any CPU.ActiveCfg = Release|Any CPU
		{C5AA633D-C8F8-449B-BE90-834AC0CC6ABE}.Release|Any CPU.Build.0 = Release|Any CPU
		{C5AA633D-C8F8-449B-BE90-834AC0CC6ABE}.Release|Mixed Platforms.ActiveCfg = Release|Any CPU
		{C5AA633D-C8F8-449B-BE90-834AC0CC6ABE}.Release|Mixed Platforms.Build.0 = Release|Any CPU
		{C5AA633D-C8F8-449B-BE90-834AC0CC6ABE}.Release|x86.ActiveCfg = Release|Any CPU
		{C5AA633D-C8F8-449B-BE90-834AC0CC6ABE}.Release|x86.Build.0 = Release|Any CPU
		{2AD07A7C-7ED4-46CA-AC1F-48AF88646DB6}.Debug|Any CPU.ActiveCfg = Debug|Any CPU
		{2AD07A7C-7ED4-46CA-AC1F-48AF88646DB6}.Debug|Any CPU.Build.0 = Debug|Any CPU
		{2AD07A7C-7ED4-46CA-AC1F-48AF88646DB6}.Debug|Mixed Platforms.ActiveCfg = Debug|Any CPU
		{2AD07A7C-7ED4-46CA-AC1F-48AF88646DB6}.Debug|Mixed Platforms.Build.0 = Debug|Any CPU
		{2AD07A7C-7ED4-46CA-AC1F-48AF88646DB6}.Debug|x86.ActiveCfg = Debug|Any CPU
		{2AD07A7C-7ED4-46CA-AC1F-48AF88646DB6}.Debug|x86.Build.0 = Debug|Any CPU
		{2AD07A7C-7ED4-46CA-AC1F-48AF88646DB6}.Release|Any CPU.ActiveCfg = Release|Any CPU
		{2AD07A7C-7ED4-46CA-AC1F-48AF88646DB6}.Release|Any CPU.Build.0 = Release|Any CPU
		{2AD07A7C-7ED4-46CA-AC1F-48AF88646DB6}.Release|Mixed Platforms.ActiveCfg = Release|Any CPU
		{2AD07A7C-7ED4-46CA-AC1F-48AF88646DB6}.Release|Mixed Platforms.Build.0 = Release|Any CPU
		{2AD07A7C-7ED4-46CA-AC1F-48AF88646DB6}.Release|x86.ActiveCfg = Release|Any CPU
		{2AD07A7C-7ED4-46CA-AC1F-48AF88646DB6}.Release|x86.Build.0 = Release|Any CPU
		{D22D4713-CF53-4A0B-802A-1A62AB799898}.Debug|Any CPU.ActiveCfg = Debug|Any CPU
		{D22D4713-CF53-4A0B-802A-1A62AB799898}.Debug|Mixed Platforms.ActiveCfg = Debug|Any CPU
		{D22D4713-CF53-4A0B-802A-1A62AB799898}.Debug|x86.ActiveCfg = Debug|Any CPU
		{D22D4713-CF53-4A0B-802A-1A62AB799898}.Release|Any CPU.ActiveCfg = Release|Any CPU
		{D22D4713-CF53-4A0B-802A-1A62AB799898}.Release|Mixed Platforms.ActiveCfg = Release|Any CPU
		{D22D4713-CF53-4A0B-802A-1A62AB799898}.Release|x86.ActiveCfg = Release|Any CPU
	EndGlobalSection
	GlobalSection(SolutionProperties) = preSolution
		HideSolutionNode = FALSE
	EndGlobalSection
	GlobalSection(ExtensibilityGlobals) = postSolution
		SolutionGuid = {8C64A78D-A94D-4A86-96D4-04096A6D70C9}
	EndGlobalSection
	GlobalSection(TestCaseManagementSettings) = postSolution
		CategoryFile = EsotericInterpreters.vsmdi
	EndGlobalSection
EndGlobal
